
Microsoft Visual Studio Solution File, Format Version 12.00
# Visual Studio Version 17
VisualStudioVersion = 17.4.32804.182
MinimumVisualStudioVersion = 10.0.40219.1
Project("{FAE04EC0-301F-11D3-BF4B-00C04F79EFBC}") = "Monogame-Mouse-Performance-Test", "Monogame-Mouse-Performance-Test\Monogame-Mouse-Performance-Test.csproj", "{166AF0C9-0B4F-4156-B58D-58D82A588EFC}"
EndProject
Global
	GlobalSection(SolutionConfigurationPlatforms) = preSolution
		Debug|Any CPU = Debug|Any CPU
		Release|Any CPU = Release|Any CPU
	EndGlobalSection
	GlobalSection(ProjectConfigurationPlatforms) = postSolution
		{166AF0C9-0B4F-4156-B58D-58D82A588EFC}.Debug|Any CPU.ActiveCfg = Debug|Any CPU
		{166AF0C9-0B4F-4156-B58D-58D82A588EFC}.Debug|Any CPU.Build.0 = Debug|Any CPU
		{166AF0C9-0B4F-4156-B58D-58D82A588EFC}.Release|Any CPU.ActiveCfg = Release|Any CPU
		{166AF0C9-0B4F-4156-B58D-58D82A588EFC}.Release|Any CPU.Build.0 = Release|Any CPU
	EndGlobalSection
	GlobalSection(SolutionProperties) = preSolution
		HideSolutionNode = FALSE
	EndGlobalSection
	GlobalSection(ExtensibilityGlobals) = postSolution
		SolutionGuid = {8C0099FB-F203-4EFD-97E8-7DE73BB1CD3A}
	EndGlobalSection
EndGlobal
